// !$*UTF8*$!
{
	archiveVersion = 1;
	classes = {
	};
	objectVersion = 46;
	objects = {

/* Begin PBXBuildFile section */
		D5DFFDE81DF7AFF3008474EB /* AppDelegate.swift in Sources */ = {isa = PBXBuildFile; fileRef = D5DFFDE71DF7AFF3008474EB /* AppDelegate.swift */; };
		D5DFFDEA1DF7AFF3008474EB /* ViewController.swift in Sources */ = {isa = PBXBuildFile; fileRef = D5DFFDE91DF7AFF3008474EB /* ViewController.swift */; };
		D5DFFDED1DF7AFF3008474EB /* Main.storyboard in Resources */ = {isa = PBXBuildFile; fileRef = D5DFFDEB1DF7AFF3008474EB /* Main.storyboard */; };
		D5DFFDEF1DF7AFF3008474EB /* Assets.xcassets in Resources */ = {isa = PBXBuildFile; fileRef = D5DFFDEE1DF7AFF3008474EB /* Assets.xcassets */; };
		D5DFFDF21DF7AFF3008474EB /* LaunchScreen.storyboard in Resources */ = {isa = PBXBuildFile; fileRef = D5DFFDF01DF7AFF3008474EB /* LaunchScreen.storyboard */; };
		D5DFFDFA1DF7B4C4008474EB /* pokemon.csv in Resources */ = {isa = PBXBuildFile; fileRef = D5DFFDF91DF7B4C4008474EB /* pokemon.csv */; };
/* End PBXBuildFile section */

/* Begin PBXFileReference section */
		D5DFFDE41DF7AFF3008474EB /* Pokedex.app */ = {isa = PBXFileReference; explicitFileType = wrapper.application; includeInIndex = 0; path = Pokedex.app; sourceTree = BUILT_PRODUCTS_DIR; };
		D5DFFDE71DF7AFF3008474EB /* AppDelegate.swift */ = {isa = PBXFileReference; lastKnownFileType = sourcecode.swift; path = AppDelegate.swift; sourceTree = "<group>"; };
		D5DFFDE91DF7AFF3008474EB /* ViewController.swift */ = {isa = PBXFileReference; lastKnownFileType = sourcecode.swift; path = ViewController.swift; sourceTree = "<group>"; };
		D5DFFDEC1DF7AFF3008474EB /* Base */ = {isa = PBXFileReference; lastKnownFileType = file.storyboard; name = Base; path = Base.lproj/Main.storyboard; sourceTree = "<group>"; };
		D5DFFDEE1DF7AFF3008474EB /* Assets.xcassets */ = {isa = PBXFileReference; lastKnownFileType = folder.assetcatalog; path = Assets.xcassets; sourceTree = "<group>"; };
		D5DFFDF11DF7AFF3008474EB /* Base */ = {isa = PBXFileReference; lastKnownFileType = file.storyboard; name = Base; path = Base.lproj/LaunchScreen.storyboard; sourceTree = "<group>"; };
		D5DFFDF31DF7AFF3008474EB /* Info.plist */ = {isa = PBXFileReference; lastKnownFileType = text.plist.xml; path = Info.plist; sourceTree = "<group>"; };
		D5DFFDF91DF7B4C4008474EB /* pokemon.csv */ = {isa = PBXFileReference; fileEncoding = 4; lastKnownFileType = text; path = pokemon.csv; sourceTree = "<group>"; };
/* End PBXFileReference section */

/* Begin PBXFrameworksBuildPhase section */
		D5DFFDE11DF7AFF3008474EB /* Frameworks */ = {
			isa = PBXFrameworksBuildPhase;
			buildActionMask = 2147483647;
			files = (
			);
			runOnlyForDeploymentPostprocessing = 0;
		};
/* End PBXFrameworksBuildPhase section */

/* Begin PBXGroup section */
		D5DFFDDB1DF7AFF3008474EB = {
			isa = PBXGroup;
			children = (
				D5DFFDE61DF7AFF3008474EB /* Pokedex */,
				D5DFFDE51DF7AFF3008474EB /* Products */,
			);
			sourceTree = "<group>";
		};
		D5DFFDE51DF7AFF3008474EB /* Products */ = {
			isa = PBXGroup;
			children = (
				D5DFFDE41DF7AFF3008474EB /* Pokedex.app */,
			);
			name = Products;
			sourceTree = "<group>";
		};
		D5DFFDE61DF7AFF3008474EB /* Pokedex */ = {
			isa = PBXGroup;
			children = (
				D5DFFDE71DF7AFF3008474EB /* AppDelegate.swift */,
				D5DFFDE91DF7AFF3008474EB /* ViewController.swift */,
				D5DFFDEB1DF7AFF3008474EB /* Main.storyboard */,
				D5DFFDEE1DF7AFF3008474EB /* Assets.xcassets */,
				D5DFFDF91DF7B4C4008474EB /* pokemon.csv */,
				D5DFFDF01DF7AFF3008474EB /* LaunchScreen.storyboard */,
				D5DFFDF31DF7AFF3008474EB /* Info.plist */,
			);
			path = Pokedex;
			sourceTree = "<group>";
		};
/* End PBXGroup section */

/* Begin PBXNativeTarget section */
		D5DFFDE31DF7AFF3008474EB /* Pokedex */ = {
			isa = PBXNativeTarget;
			buildConfigurationList = D5DFFDF61DF7AFF3008474EB /* Build configuration list for PBXNativeTarget "Pokedex" */;
			buildPhases = (
				D5DFFDE01DF7AFF3008474EB /* Sources */,
				D5DFFDE11DF7AFF3008474EB /* Frameworks */,
				D5DFFDE21DF7AFF3008474EB /* Resources */,
			);
			buildRules = (
			);
			dependencies = (
			);
			name = Pokedex;
			productName = Pokedex;
			productReference = D5DFFDE41DF7AFF3008474EB /* Pokedex.app */;
			productType = "com.apple.product-type.application";
		};
/* End PBXNativeTarget section */

/* Begin PBXProject section */
		D5DFFDDC1DF7AFF3008474EB /* Project object */ = {
			isa = PBXProject;
			attributes = {
				LastSwiftUpdateCheck = 0810;
				LastUpgradeCheck = 0810;
				ORGANIZATIONNAME = "Zehua Lin";
				TargetAttributes = {
					D5DFFDE31DF7AFF3008474EB = {
						CreatedOnToolsVersion = 8.1;
						DevelopmentTeam = N7GM9R855J;
						ProvisioningStyle = Automatic;
					};
				};
			};
			buildConfigurationList = D5DFFDDF1DF7AFF3008474EB /* Build configuration list for PBXProject "Pokedex" */;
			compatibilityVersion = "Xcode 3.2";
			developmentRegion = English;
			hasScannedForEncodings = 0;
			knownRegions = (
				en,
				Base,
			);
			mainGroup = D5DFFDDB1DF7AFF3008474EB;
			productRefGroup = D5DFFDE51DF7AFF3008474EB /* Products */;
			projectDirPath = "";
			projectRoot = "";
			targets = (
				D5DFFDE31DF7AFF3008474EB /* Pokedex */,
			);
		};
/* End PBXProject section */

/* Begin PBXResourcesBuildPhase section */
		D5DFFDE21DF7AFF3008474EB /* Resources */ = {
			isa = PBXResourcesBuildPhase;
			buildActionMask = 2147483647;
			files = (
				D5DFFDF21DF7AFF3008474EB /* LaunchScreen.storyboard in Resources */,
				D5DFFDEF1DF7AFF3008474EB /* Assets.xcassets in Resources */,
				D5DFFDFA1DF7B4C4008474EB /* pokemon.csv in Resources */,
				D5DFFDED1DF7AFF3008474EB /* Main.storyboard in Resources */,
			);
			runOnlyForDeploymentPostprocessing = 0;
		};
/* End PBXResourcesBuildPhase section */

/* Begin PBXSourcesBuildPhase section */
		D5DFFDE01DF7AFF3008474EB /* Sources */ = {
			isa = PBXSourcesBuildPhase;
			buildActionMask = 2147483647;
			files = (
				D5DFFDEA1DF7AFF3008474EB /* ViewController.swift in Sources */,
				D5DFFDE81DF7AFF3008474EB /* AppDelegate.swift in Sources */,
			);
			runOnlyForDeploymentPostprocessing = 0;
		};
/* End PBXSourcesBuildPhase section */

/* Begin PBXVariantGroup section */
		D5DFFDEB1DF7AFF3008474EB /* Main.storyboard */ = {
			isa = PBXVariantGroup;
			children = (
				D5DFFDEC1DF7AFF3008474EB /* Base */,
			);
			name = Main.storyboard;
			sourceTree = "<group>";
		};
		D5DFFDF01DF7AFF3008474EB /* LaunchScreen.storyboard */ = {
			isa = PBXVariantGroup;
			children = (
				D5DFFDF11DF7AFF3008474EB /* Base */,
			);
			name = LaunchScreen.storyboard;
			sourceTree = "<group>";
		};
/* End PBXVariantGroup section */

/* Begin XCBuildConfiguration section */
		D5DFFDF41DF7AFF3008474EB /* Debug */ = {
			isa = XCBuildConfiguration;
			buildSettings = {
				ALWAYS_SEARCH_USER_PATHS = NO;
				CLANG_ANALYZER_NONNULL = YES;
				CLANG_CXX_LANGUAGE_STANDARD = "gnu++0x";
				CLANG_CXX_LIBRARY = "libc++";
				CLANG_ENABLE_MODULES = YES;
				CLANG_ENABLE_OBJC_ARC = YES;
				CLANG_WARN_BOOL_CONVERSION = YES;
				CLANG_WARN_CONSTANT_CONVERSION = YES;
				CLANG_WARN_DIRECT_OBJC_ISA_USAGE = YES_ERROR;
				CLANG_WARN_DOCUMENTATION_COMMENTS = YES;
				CLANG_WARN_EMPTY_BODY = YES;
				CLANG_WARN_ENUM_CONVERSION = YES;
				CLANG_WARN_INFINITE_RECURSION = YES;
				CLANG_WARN_INT_CONVERSION = YES;
				CLANG_WARN_OBJC_ROOT_CLASS = YES_ERROR;
				CLANG_WARN_SUSPICIOUS_MOVES = YES;
				CLANG_WARN_UNREACHABLE_CODE = YES;
				CLANG_WARN__DUPLICATE_METHOD_MATCH = YES;
				"CODE_SIGN_IDENTITY[sdk=iphoneos*]" = "iPhone Developer";
				COPY_PHASE_STRIP = NO;
				DEBUG_INFORMATION_FORMAT = dwarf;
				ENABLE_STRICT_OBJC_MSGSEND = YES;
				ENABLE_TESTABILITY = YES;
				GCC_C_LANGUAGE_STANDARD = gnu99;
				GCC_DYNAMIC_NO_PIC = NO;
				GCC_NO_COMMON_BLOCKS = YES;
				GCC_OPTIMIZATION_LEVEL = 0;
				GCC_PREPROCESSOR_DEFINITIONS = (
					"DEBUG=1",
					"$(inherited)",
				);
				GCC_WARN_64_TO_32_BIT_CONVERSION = YES;
				GCC_WARN_ABOUT_RETURN_TYPE = YES_ERROR;
				GCC_WARN_UNDECLARED_SELECTOR = YES;
				GCC_WARN_UNINITIALIZED_AUTOS = YES_AGGRESSIVE;
				GCC_WARN_UNUSED_FUNCTION = YES;
				GCC_WARN_UNUSED_VARIABLE = YES;
				IPHONEOS_DEPLOYMENT_TARGET = 10.1;
				MTL_ENABLE_DEBUG_INFO = YES;
				ONLY_ACTIVE_ARCH = YES;
				SDKROOT = iphoneos;
				SWIFT_ACTIVE_COMPILATION_CONDITIONS = DEBUG;
				SWIFT_OPTIMIZATION_LEVEL = "-Onone";
			};
			name = Debug;
		};
		D5DFFDF51DF7AFF3008474EB /* Release */ = {
			isa = XCBuildConfiguration;
			buildSettings = {
				ALWAYS_SEARCH_USER_PATHS = NO;
				CLANG_ANALYZER_NONNULL = YES;
				CLANG_CXX_LANGUAGE_STANDARD = "gnu++0x";
				CLANG_CXX_LIBRARY = "libc++";
				CLANG_ENABLE_MODULES = YES;
				CLANG_ENABLE_OBJC_ARC = YES;
				CLANG_WARN_BOOL_CONVERSION = YES;
				CLANG_WARN_CONSTANT_CONVERSION = YES;
				CLANG_WARN_DIRECT_OBJC_ISA_USAGE = YES_ERROR;
				CLANG_WARN_DOCUMENTATION_COMMENTS = YES;
				CLANG_WARN_EMPTY_BODY = YES;
				CLANG_WARN_ENUM_CONVERSION = YES;
				CLANG_WARN_INFINITE_RECURSION = YES;
				CLANG_WARN_INT_CONVERSION = YES;
				CLANG_WARN_OBJC_ROOT_CLASS = YES_ERROR;
				CLANG_WARN_SUSPICIOUS_MOVES = YES;
				CLANG_WARN_UNREACHABLE_CODE = YES;
				CLANG_WARN__DUPLICATE_METHOD_MATCH = YES;
				"CODE_SIGN_IDENTITY[sdk=iphoneos*]" = "iPhone Developer";
				COPY_PHASE_STRIP = NO;
				DEBUG_INFORMATION_FORMAT = "dwarf-with-dsym";
				ENABLE_NS_ASSERTIONS = NO;
				ENABLE_STRICT_OBJC_MSGSEND = YES;
				GCC_C_LANGUAGE_STANDARD = gnu99;
				GCC_NO_COMMON_BLOCKS = YES;
				GCC_WARN_64_TO_32_BIT_CONVERSION = YES;
				GCC_WARN_ABOUT_RETURN_TYPE = YES_ERROR;
				GCC_WARN_UNDECLARED_SELECTOR = YES;
				GCC_WARN_UNINITIALIZED_AUTOS = YES_AGGRESSIVE;
				GCC_WARN_UNUSED_FUNCTION = YES;
				GCC_WARN_UNUSED_VARIABLE = YES;
				IPHONEOS_DEPLOYMENT_TARGET = 10.1;
				MTL_ENABLE_DEBUG_INFO = NO;
				SDKROOT = iphoneos;
				SWIFT_OPTIMIZATION_LEVEL = "-Owholemodule";
				VALIDATE_PRODUCT = YES;
			};
			name = Release;
		};
		D5DFFDF71DF7AFF3008474EB /* Debug */ = {
			isa = XCBuildConfiguration;
			buildSettings = {
				ASSETCATALOG_COMPILER_APPICON_NAME = AppIcon;
				DEVELOPMENT_TEAM = N7GM9R855J;
				INFOPLIST_FILE = Pokedex/Info.plist;
				LD_RUNPATH_SEARCH_PATHS = "$(inherited) @executable_path/Frameworks";
				PRODUCT_BUNDLE_IDENTIFIER = com.Errol.Pokedex;
				PRODUCT_NAME = "$(TARGET_NAME)";
				SWIFT_VERSION = 3.0;
			};
			name = Debug;
		};
		D5DFFDF81DF7AFF3008474EB /* Release */ = {
			isa = XCBuildConfiguration;
			buildSettings = {
				ASSETCATALOG_COMPILER_APPICON_NAME = AppIcon;
				DEVELOPMENT_TEAM = N7GM9R855J;
				INFOPLIST_FILE = Pokedex/Info.plist;
				LD_RUNPATH_SEARCH_PATHS = "$(inherited) @executable_path/Frameworks";
				PRODUCT_BUNDLE_IDENTIFIER = com.Errol.Pokedex;
				PRODUCT_NAME = "$(TARGET_NAME)";
				SWIFT_VERSION = 3.0;
			};
			name = Release;
		};
/* End XCBuildConfiguration section */

/* Begin XCConfigurationList section */
		D5DFFDDF1DF7AFF3008474EB /* Build configuration list for PBXProject "Pokedex" */ = {
			isa = XCConfigurationList;
			buildConfigurations = (
				D5DFFDF41DF7AFF3008474EB /* Debug */,
				D5DFFDF51DF7AFF3008474EB /* Release */,
			);
			defaultConfigurationIsVisible = 0;
			defaultConfigurationName = Release;
		};
		D5DFFDF61DF7AFF3008474EB /* Build configuration list for PBXNativeTarget "Pokedex" */ = {
			isa = XCConfigurationList;
			buildConfigurations = (
				D5DFFDF71DF7AFF3008474EB /* Debug */,
				D5DFFDF81DF7AFF3008474EB /* Release */,
			);
			defaultConfigurationIsVisible = 0;
		};
/* End XCConfigurationList section */
	};
	rootObject = D5DFFDDC1DF7AFF3008474EB /* Project object */;
}
